
Microsoft Visual Studio Solution File, Format Version 12.00
# Visual Studio Version 17
VisualStudioVersion = 17.4.33110.190
MinimumVisualStudioVersion = 10.0.40219.1
Project("{FAE04EC0-301F-11D3-BF4B-00C04F79EFBC}") = "ConsoleApp1", "ConsoleApp1\ConsoleApp1.csproj", "{247340BA-8E69-489A-A3AB-2B32ED79993F}"
EndProject
Global
	GlobalSection(SolutionConfigurationPlatforms) = preSolution
		Debug|Any CPU = Debug|Any CPU
		Release|Any CPU = Release|Any CPU
	EndGlobalSection
	GlobalSection(ProjectConfigurationPlatforms) = postSolution
		{247340BA-8E69-489A-A3AB-2B32ED79993F}.Debug|Any CPU.ActiveCfg = Debug|Any CPU
		{247340BA-8E69-489A-A3AB-2B32ED79993F}.Debug|Any CPU.Build.0 = Debug|Any CPU
		{247340BA-8E69-489A-A3AB-2B32ED79993F}.Release|Any CPU.ActiveCfg = Release|Any CPU
		{247340BA-8E69-489A-A3AB-2B32ED79993F}.Release|Any CPU.Build.0 = Release|Any CPU
	EndGlobalSection
	GlobalSection(SolutionProperties) = preSolution
		HideSolutionNode = FALSE
	EndGlobalSection
	GlobalSection(ExtensibilityGlobals) = postSolution
		SolutionGuid = {243D106C-F859-4E3A-B330-0343D7AA27FB}
	EndGlobalSection
EndGlobal
